<?xml version="1.0" encoding="utf-8"?>
<Project ToolsVersion="4.0" xmlns="http://schemas.microsoft.com/developer/msbuild/2003">
  <ItemGroup>
    <Filter Include="Source Files">
      <UniqueIdentifier>{4FC737F1-C7A5-4376-A066-2A32D752A2FF}</UniqueIdentifier>
      <Extensions>cpp;c;cc;cxx;def;odl;idl;hpj;bat;asm;asmx</Extensions>
    </Filter>
    <Filter Include="Header Files">
      <UniqueIdentifier>{93995380-89BD-4b04-88EB-625FBE52EBFB}</UniqueIdentifier>
      <Extensions>h;hh;hpp;hxx;hm;inl;inc;xsd</Extensions>
    </Filter>
    <Filter Include="Resource Files">
      <UniqueIdentifier>{67DA6AB6-F800-4c08-8B7A-83BB121AAD01}</UniqueIdentifier>
      <Extensions>rc;ico;cur;bmp;dlg;rc2;rct;bin;rgs;gif;jpg;jpeg;jpe;resx;tiff;tif;png;wav;mfcribbon-ms</Extensions>
    </Filter>
  </ItemGroup>
  <ItemGroup>
    <ClCompile Include="FpsLimiter.cpp">
      <Filter>Source Files</Filter>
    </ClCompile>
    <ClCompile Include="RayCastingGPU.cpp">
      <Filter>Source Files</Filter>
    </ClCompile>
    <ClCompile Include="RayCastingCPU.cpp">
      <Filter>Source Files</Filter>
    </ClCompile>
  </ItemGroup>
  <ItemGroup>
    <ClInclude Include="FpsLimiter.h">
      <Filter>Header Files</Filter>
    </ClInclude>
    <ClInclude Include="Engine\RayTracerGPU.cuh">
      <Filter>Header Files</Filter>
    </ClInclude>
    <ClInclude Include="Primitives\Ray.cuh">
      <Filter>Header Files</Filter>
    </ClInclude>
    <ClInclude Include="Primitives\Vector2.cuh">
      <Filter>Header Files</Filter>
    </ClInclude>
    <ClInclude Include="Primitives\Vector3.cuh">
      <Filter>Header Files</Filter>
    </ClInclude>
    <ClInclude Include="Camera\ICamera.cuh">
      <Filter>Header Files</Filter>
    </ClInclude>
    <ClInclude Include="Camera\OrthogonalCamera.cuh">
      <Filter>Header Files</Filter>
    </ClInclude>
    <ClInclude Include="Camera\PinHole.cuh">
      <Filter>Header Files</Filter>
    </ClInclude>
    <ClInclude Include="Common\ColorRGB.cuh">
      <Filter>Header Files</Filter>
    </ClInclude>
    <ClInclude Include="Common\HitInfo.cuh">
      <Filter>Header Files</Filter>
    </ClInclude>
    <ClInclude Include="Engine\RayTracer.cuh">
      <Filter>Header Files</Filter>
    </ClInclude>
    <ClInclude Include="Engine\RayTracerCPU.cuh">
      <Filter>Header Files</Filter>
    </ClInclude>
    <ClInclude Include="Geometries\GeometricObject.cuh">
      <Filter>Header Files</Filter>
    </ClInclude>
    <ClInclude Include="Geometries\Plane.cuh">
      <Filter>Header Files</Filter>
    </ClInclude>
    <ClInclude Include="Geometries\Sphere.cuh">
      <Filter>Header Files</Filter>
    </ClInclude>
    <ClInclude Include="Geometries\World.cuh">
      <Filter>Header Files</Filter>
    </ClInclude>
    <ClInclude Include="Light\PointLight.cuh">
      <Filter>Header Files</Filter>
    </ClInclude>
    <ClInclude Include="Materials\IMaterial.cuh">
      <Filter>Header Files</Filter>
    </ClInclude>
    <ClInclude Include="Materials\PerfectDiffuse.cuh">
      <Filter>Header Files</Filter>
    </ClInclude>
    <ClInclude Include="Materials\Phong.cuh">
      <Filter>Header Files</Filter>
    </ClInclude>
    <ClInclude Include="Primitives\OrthonormalBasis.cuh">
      <Filter>Header Files</Filter>
    </ClInclude>
    <ClInclude Include="Primitives\primitives.cuh">
      <Filter>Header Files</Filter>
    </ClInclude>
    <ClInclude Include="base.cuh">
      <Filter>Header Files</Filter>
    </ClInclude>
    <ClInclude Include="MainWindow.cuh">
      <Filter>Header Files</Filter>
    </ClInclude>
    <ClInclude Include="Camera\PinholeGPU.cuh" />
    <ClInclude Include="Geometries\SphereGPU.cuh" />
    <ClInclude Include="Materials\PhongGPU.cuh" />
    <ClInclude Include="Common\HitInfoGPU.cuh" />
  </ItemGroup>
  <ItemGroup>
    <CudaCompile Include="main.cu">
      <Filter>Source Files</Filter>
    </CudaCompile>
    <CudaCompile Include="Engine\RayTracerGPU.cu">
      <Filter>Source Files</Filter>
    </CudaCompile>
    <CudaCompile Include="Primitives\Vector2.cu">
      <Filter>Source Files</Filter>
    </CudaCompile>
    <CudaCompile Include="Primitives\Ray.cu">
      <Filter>Source Files</Filter>
    </CudaCompile>
    <CudaCompile Include="Primitives\Vector3.cu">
      <Filter>Source Files</Filter>
    </CudaCompile>
    <CudaCompile Include="Camera\OrthogonalCamera.cu">
      <Filter>Source Files</Filter>
    </CudaCompile>
    <CudaCompile Include="Camera\Pinhole.cu">
      <Filter>Source Files</Filter>
    </CudaCompile>
    <CudaCompile Include="Common\ColorRGB.cu">
      <Filter>Source Files</Filter>
    </CudaCompile>
    <CudaCompile Include="Common\HitInfo.cu">
      <Filter>Source Files</Filter>
    </CudaCompile>
    <CudaCompile Include="Engine\RayTracerCPU.cu">
      <Filter>Source Files</Filter>
    </CudaCompile>
    <CudaCompile Include="Geometries\GeometricObject.cu">
      <Filter>Source Files</Filter>
    </CudaCompile>
    <CudaCompile Include="Geometries\Plane.cu">
      <Filter>Source Files</Filter>
    </CudaCompile>
    <CudaCompile Include="Geometries\Sphere.cu">
      <Filter>Source Files</Filter>
    </CudaCompile>
    <CudaCompile Include="Geometries\World.cu">
      <Filter>Source Files</Filter>
    </CudaCompile>
    <CudaCompile Include="Light\PointLight.cu">
      <Filter>Source Files</Filter>
    </CudaCompile>
    <CudaCompile Include="Materials\PerfectDiffuse.cu">
      <Filter>Source Files</Filter>
    </CudaCompile>
    <CudaCompile Include="Materials\Phong.cu">
      <Filter>Source Files</Filter>
    </CudaCompile>
    <CudaCompile Include="Primitives\OrthonormalBasis.cu">
      <Filter>Source Files</Filter>
    </CudaCompile>
    <CudaCompile Include="MainWindow.cu">
      <Filter>Source Files</Filter>
    </CudaCompile>
    <CudaCompile Include="Camera\PinholeGPU.cu" />
    <CudaCompile Include="Geometries\SphereGPU.cu" />
    <CudaCompile Include="Materials\PhongGPU.cu" />
    <CudaCompile Include="Common\HitInfoGPU.cu" />
  </ItemGroup>
  <ItemGroup>
    <None Include="vc110.pdb" />
  </ItemGroup>
</Project>